{
  "pins" : [
    {
      "identity" : "chartview",
      "kind" : "remoteSourceControl",
      "location" : "https://github.com/AppPear/ChartView",
      "state" : {
        "revision" : "9115a992c91fa19cbb4f2241084240d38654a1fc",
        "version" : "1.5.5"
      }
    },
    {
      "identity" : "stock-charts",
      "kind" : "remoteSourceControl",
      "location" : "https://github.com/denniscmartin/stock-charts.git",
      "state" : {
        "revision" : "5a374cada5703ae6da1e11f1b28afed2cc96984c",
        "version" : "1.2.9"
      }
    }
  ],
  "version" : 2
}
